{
  "requires": true,
  "lockfileVersion": 1,
  "dependencies": {
    "dk.fhir.ig.kl.common.caresocial": {
      "version": "0.1.7",
      "resolved": "https://packages.simplifier.net//dk.fhir.ig.kl.common.caresocial/-/dk.fhir.ig.kl.common.caresocial-0.1.7.tgz",
      "integrity": "sha512-HLgCUVxCkKD+ts6U2f1kRjxYOJUGtlGcqP5OngddTqrpcmA0BG1tUmCDPXa2fERerpCfX3RUSHrdcrqcLFYtIQ=="
    }
  }
}
